
Microsoft Visual Studio Solution File, Format Version 12.00
# Visual Studio Version 17
VisualStudioVersion = 17.11.35303.130
MinimumVisualStudioVersion = 10.0.40219.1
Project("{FAE04EC0-301F-11D3-BF4B-00C04F79EFBC}") = "WindowsFormsApp1", "WindowsFormsApp1\WindowsFormsApp1.csproj", "{25B19611-1D61-4852-B2DB-337118B3B175}"
EndProject
Global
	GlobalSection(SolutionConfigurationPlatforms) = preSolution
		Debug|Any CPU = Debug|Any CPU
		Release|Any CPU = Release|Any CPU
	EndGlobalSection
	GlobalSection(ProjectConfigurationPlatforms) = postSolution
		{25B19611-1D61-4852-B2DB-337118B3B175}.Debug|Any CPU.ActiveCfg = Debug|Any CPU
		{25B19611-1D61-4852-B2DB-337118B3B175}.Debug|Any CPU.Build.0 = Debug|Any CPU
		{25B19611-1D61-4852-B2DB-337118B3B175}.Release|Any CPU.ActiveCfg = Release|Any CPU
		{25B19611-1D61-4852-B2DB-337118B3B175}.Release|Any CPU.Build.0 = Release|Any CPU
	EndGlobalSection
	GlobalSection(SolutionProperties) = preSolution
		HideSolutionNode = FALSE
	EndGlobalSection
	GlobalSection(ExtensibilityGlobals) = postSolution
		SolutionGuid = {46B3591B-FF6A-4F02-BE16-1D527FC71C9D}
	EndGlobalSection
EndGlobal
