
Microsoft Visual Studio Solution File, Format Version 12.00
# Visual Studio Version 17
VisualStudioVersion = 17.10.35122.118
MinimumVisualStudioVersion = 10.0.40219.1
Project("{FAE04EC0-301F-11D3-BF4B-00C04F79EFBC}") = "exercice 4", "exercice 4\exercice 4.csproj", "{82D8ECC2-02F3-441E-BE59-6A536157435C}"
EndProject
Global
	GlobalSection(SolutionConfigurationPlatforms) = preSolution
		Debug|Any CPU = Debug|Any CPU
		Release|Any CPU = Release|Any CPU
	EndGlobalSection
	GlobalSection(ProjectConfigurationPlatforms) = postSolution
		{82D8ECC2-02F3-441E-BE59-6A536157435C}.Debug|Any CPU.ActiveCfg = Debug|Any CPU
		{82D8ECC2-02F3-441E-BE59-6A536157435C}.Debug|Any CPU.Build.0 = Debug|Any CPU
		{82D8ECC2-02F3-441E-BE59-6A536157435C}.Release|Any CPU.ActiveCfg = Release|Any CPU
		{82D8ECC2-02F3-441E-BE59-6A536157435C}.Release|Any CPU.Build.0 = Release|Any CPU
	EndGlobalSection
	GlobalSection(SolutionProperties) = preSolution
		HideSolutionNode = FALSE
	EndGlobalSection
	GlobalSection(ExtensibilityGlobals) = postSolution
		SolutionGuid = {B9A81549-25AF-4215-9951-F81AA649C48C}
	EndGlobalSection
EndGlobal
