
Microsoft Visual Studio Solution File, Format Version 12.00
# Visual Studio Version 17
VisualStudioVersion = 17.11.35303.130
MinimumVisualStudioVersion = 10.0.40219.1
Project("{FAE04EC0-301F-11D3-BF4B-00C04F79EFBC}") = "Exercice3", "Exercice3\Exercice3.csproj", "{8E29F014-686D-4AB8-9BE1-0D7BC58B2D71}"
EndProject
Global
	GlobalSection(SolutionConfigurationPlatforms) = preSolution
		Debug|Any CPU = Debug|Any CPU
		Release|Any CPU = Release|Any CPU
	EndGlobalSection
	GlobalSection(ProjectConfigurationPlatforms) = postSolution
		{8E29F014-686D-4AB8-9BE1-0D7BC58B2D71}.Debug|Any CPU.ActiveCfg = Debug|Any CPU
		{8E29F014-686D-4AB8-9BE1-0D7BC58B2D71}.Debug|Any CPU.Build.0 = Debug|Any CPU
		{8E29F014-686D-4AB8-9BE1-0D7BC58B2D71}.Release|Any CPU.ActiveCfg = Release|Any CPU
		{8E29F014-686D-4AB8-9BE1-0D7BC58B2D71}.Release|Any CPU.Build.0 = Release|Any CPU
	EndGlobalSection
	GlobalSection(SolutionProperties) = preSolution
		HideSolutionNode = FALSE
	EndGlobalSection
	GlobalSection(ExtensibilityGlobals) = postSolution
		SolutionGuid = {68AB2BDD-F1B9-48B4-A90D-60BDA30F0BF1}
	EndGlobalSection
EndGlobal
